
Microsoft Visual Studio Solution File, Format Version 12.00
# Visual Studio Version 16
VisualStudioVersion = 16.0.29009.5
MinimumVisualStudioVersion = 10.0.40219.1
Project("{FAE04EC0-301F-11D3-BF4B-00C04F79EFBC}") = "CarpenterTable", "CarpenterTable.csproj", "{BCF2E641-B027-43A1-9B07-1B08A29F5816}"
EndProject
Global
	GlobalSection(SolutionConfigurationPlatforms) = preSolution
		Debug|Any CPU = Debug|Any CPU
		Release|Any CPU = Release|Any CPU
	EndGlobalSection
	GlobalSection(ProjectConfigurationPlatforms) = postSolution
		{BCF2E641-B027-43A1-9B07-1B08A29F5816}.Debug|Any CPU.ActiveCfg = Debug|Any CPU
		{BCF2E641-B027-43A1-9B07-1B08A29F5816}.Debug|Any CPU.Build.0 = Debug|Any CPU
		{BCF2E641-B027-43A1-9B07-1B08A29F5816}.Release|Any CPU.ActiveCfg = Release|Any CPU
		{BCF2E641-B027-43A1-9B07-1B08A29F5816}.Release|Any CPU.Build.0 = Release|Any CPU
	EndGlobalSection
	GlobalSection(SolutionProperties) = preSolution
		HideSolutionNode = FALSE
	EndGlobalSection
	GlobalSection(ExtensibilityGlobals) = postSolution
		SolutionGuid = {CA335E93-AB6B-4024-BCE9-332466D47AE5}
	EndGlobalSection
EndGlobal
